
Microsoft Visual Studio Solution File, Format Version 12.00
# Visual Studio Version 17
VisualStudioVersion = 17.11.35312.102
MinimumVisualStudioVersion = 10.0.40219.1
Project("{9A19103F-16F7-4668-BE54-9A1E7A4F7556}") = "API", "API\API.csproj", "{618647F5-7F79-428B-AB94-C5AE41E66106}"
EndProject
Project("{9A19103F-16F7-4668-BE54-9A1E7A4F7556}") = "APITests", "APITests\APITests.csproj", "{7300991A-61E6-4808-AEFD-3A175B0446D1}"
EndProject
Project("{9A19103F-16F7-4668-BE54-9A1E7A4F7556}") = "Application Webassembly Blazo", "Application Webassembly Blazo\Application Webassembly Blazo.csproj", "{63B6B022-E846-4F9E-9983-C465BADE7809}"
EndProject
Global
	GlobalSection(SolutionConfigurationPlatforms) = preSolution
		Debug|Any CPU = Debug|Any CPU
		Release|Any CPU = Release|Any CPU
	EndGlobalSection
	GlobalSection(ProjectConfigurationPlatforms) = postSolution
		{618647F5-7F79-428B-AB94-C5AE41E66106}.Debug|Any CPU.ActiveCfg = Debug|Any CPU
		{618647F5-7F79-428B-AB94-C5AE41E66106}.Debug|Any CPU.Build.0 = Debug|Any CPU
		{618647F5-7F79-428B-AB94-C5AE41E66106}.Release|Any CPU.ActiveCfg = Release|Any CPU
		{618647F5-7F79-428B-AB94-C5AE41E66106}.Release|Any CPU.Build.0 = Release|Any CPU
		{7300991A-61E6-4808-AEFD-3A175B0446D1}.Debug|Any CPU.ActiveCfg = Debug|Any CPU
		{7300991A-61E6-4808-AEFD-3A175B0446D1}.Debug|Any CPU.Build.0 = Debug|Any CPU
		{7300991A-61E6-4808-AEFD-3A175B0446D1}.Release|Any CPU.ActiveCfg = Release|Any CPU
		{7300991A-61E6-4808-AEFD-3A175B0446D1}.Release|Any CPU.Build.0 = Release|Any CPU
		{63B6B022-E846-4F9E-9983-C465BADE7809}.Debug|Any CPU.ActiveCfg = Debug|Any CPU
		{63B6B022-E846-4F9E-9983-C465BADE7809}.Debug|Any CPU.Build.0 = Debug|Any CPU
		{63B6B022-E846-4F9E-9983-C465BADE7809}.Release|Any CPU.ActiveCfg = Release|Any CPU
		{63B6B022-E846-4F9E-9983-C465BADE7809}.Release|Any CPU.Build.0 = Release|Any CPU
	EndGlobalSection
	GlobalSection(SolutionProperties) = preSolution
		HideSolutionNode = FALSE
	EndGlobalSection
	GlobalSection(ExtensibilityGlobals) = postSolution
		SolutionGuid = {8E8B5EB2-13B4-4321-9195-CC4E51A58CE5}
	EndGlobalSection
EndGlobal
